
Microsoft Visual Studio Solution File, Format Version 12.00
# Visual Studio Version 16
VisualStudioVersion = 16.0.31729.503
MinimumVisualStudioVersion = 10.0.40219.1
Project("{D954291E-2A0B-460D-934E-DC6B0785DB48}") = "XplatXmas.Shared", "XplatXmas.Shared\XplatXmas.Shared.shproj", "{6279C845-92F8-4333-AB99-3D213163593C}"
EndProject
Project("{2150E333-8FDC-42A3-9474-1A3956D46DE8}") = "Platforms", "Platforms", "{BBE19B88-DEE5-4C7D-8238-6D02BE12456D}"
EndProject
Project("{FAE04EC0-301F-11D3-BF4B-00C04F79EFBC}") = "XplatXmas.Droid", "XplatXmas.Droid\XplatXmas.Droid.csproj", "{FE1DAA59-DD32-4BFA-A4E5-43D9EE86282C}"
EndProject
Project("{FAE04EC0-301F-11D3-BF4B-00C04F79EFBC}") = "XplatXmas.iOS", "XplatXmas.iOS\XplatXmas.iOS.csproj", "{C1536C43-6255-4DCB-911A-D107027B9A47}"
EndProject
Project("{FAE04EC0-301F-11D3-BF4B-00C04F79EFBC}") = "XplatXmas.UWP", "XplatXmas.UWP\XplatXmas.UWP.csproj", "{89E23947-009E-45BB-AABA-F3DC9C4DBF56}"
EndProject
Project("{FAE04EC0-301F-11D3-BF4B-00C04F79EFBC}") = "XplatXmas.Wasm", "XplatXmas.Wasm\XplatXmas.Wasm.csproj", "{D9981419-F6EB-48A7-A200-64E6A5BD9A1E}"
EndProject
Project("{FAE04EC0-301F-11D3-BF4B-00C04F79EFBC}") = "XplatXmas.macOS", "XplatXmas.macOS\XplatXmas.macOS.csproj", "{A49EC61C-2838-4291-B4F2-B96B2A58E4C5}"
EndProject
Project("{FAE04EC0-301F-11D3-BF4B-00C04F79EFBC}") = "XplatXmas.Skia.Wpf.Host", "XplatXmas.Skia.Wpf.Host\XplatXmas.Skia.Wpf.Host.csproj", "{EC658FA7-99FB-44F5-BC21-3D8810FD388D}"
EndProject
Project("{FAE04EC0-301F-11D3-BF4B-00C04F79EFBC}") = "XplatXmas.Skia.Wpf", "XplatXmas.Skia.Wpf\XplatXmas.Skia.Wpf.csproj", "{A71DDD5B-69A9-45AF-BA6D-4B792DAFCF85}"
EndProject
Project("{FAE04EC0-301F-11D3-BF4B-00C04F79EFBC}") = "XplatXmas.Skia.Gtk", "XplatXmas.Skia.Gtk\XplatXmas.Skia.Gtk.csproj", "{4B2703F8-0A9E-4774-AEFE-A24697FFEBC4}"
EndProject
Project("{FAE04EC0-301F-11D3-BF4B-00C04F79EFBC}") = "XplatXmas.Skia.Tizen", "XplatXmas.Skia.Tizen\XplatXmas.Skia.Tizen.csproj", "{3A61CB0F-927D-46A7-B388-138F1D7D2B15}"
EndProject
Global
	GlobalSection(SharedMSBuildProjectFiles) = preSolution
		XplatXmas.Shared\XplatXmas.Shared.projitems*{3a61cb0f-927d-46a7-b388-138f1d7d2b15}*SharedItemsImports = 5
		XplatXmas.Shared\XplatXmas.Shared.projitems*{4b2703f8-0a9e-4774-aefe-a24697ffebc4}*SharedItemsImports = 5
		XplatXmas.Shared\XplatXmas.Shared.projitems*{6279c845-92f8-4333-ab99-3d213163593c}*SharedItemsImports = 13
		XplatXmas.Shared\XplatXmas.Shared.projitems*{89e23947-009e-45bb-aaba-f3dc9c4dbf56}*SharedItemsImports = 4
		XplatXmas.Shared\XplatXmas.Shared.projitems*{a49ec61c-2838-4291-b4f2-b96b2a58e4c5}*SharedItemsImports = 4
		XplatXmas.Shared\XplatXmas.Shared.projitems*{a71ddd5b-69a9-45af-ba6d-4b792dafcf85}*SharedItemsImports = 5
		XplatXmas.Shared\XplatXmas.Shared.projitems*{c1536c43-6255-4dcb-911a-d107027b9a47}*SharedItemsImports = 4
		XplatXmas.Shared\XplatXmas.Shared.projitems*{d9981419-f6eb-48a7-a200-64e6a5bd9a1e}*SharedItemsImports = 5
		XplatXmas.Shared\XplatXmas.Shared.projitems*{fe1daa59-dd32-4bfa-a4e5-43d9ee86282c}*SharedItemsImports = 4
	EndGlobalSection
	GlobalSection(SolutionConfigurationPlatforms) = preSolution
		Ad-Hoc|Any CPU = Ad-Hoc|Any CPU
		Ad-Hoc|ARM = Ad-Hoc|ARM
		Ad-Hoc|ARM64 = Ad-Hoc|ARM64
		Ad-Hoc|iPhone = Ad-Hoc|iPhone
		Ad-Hoc|iPhoneSimulator = Ad-Hoc|iPhoneSimulator
		Ad-Hoc|x64 = Ad-Hoc|x64
		Ad-Hoc|x86 = Ad-Hoc|x86
		AppStore|Any CPU = AppStore|Any CPU
		AppStore|ARM = AppStore|ARM
		AppStore|ARM64 = AppStore|ARM64
		AppStore|iPhone = AppStore|iPhone
		AppStore|iPhoneSimulator = AppStore|iPhoneSimulator
		AppStore|x64 = AppStore|x64
		AppStore|x86 = AppStore|x86
		Debug|Any CPU = Debug|Any CPU
		Debug|ARM = Debug|ARM
		Debug|ARM64 = Debug|ARM64
		Debug|iPhone = Debug|iPhone
		Debug|iPhoneSimulator = Debug|iPhoneSimulator
		Debug|x64 = Debug|x64
		Debug|x86 = Debug|x86
		Release|Any CPU = Release|Any CPU
		Release|ARM = Release|ARM
		Release|ARM64 = Release|ARM64
		Release|iPhone = Release|iPhone
		Release|iPhoneSimulator = Release|iPhoneSimulator
		Release|x64 = Release|x64
		Release|x86 = Release|x86
	EndGlobalSection
	GlobalSection(ProjectConfigurationPlatforms) = postSolution
		{FE1DAA59-DD32-4BFA-A4E5-43D9EE86282C}.Ad-Hoc|Any CPU.ActiveCfg = Debug|Any CPU
		{FE1DAA59-DD32-4BFA-A4E5-43D9EE86282C}.Ad-Hoc|Any CPU.Build.0 = Debug|Any CPU
		{FE1DAA59-DD32-4BFA-A4E5-43D9EE86282C}.Ad-Hoc|Any CPU.Deploy.0 = Debug|Any CPU
		{FE1DAA59-DD32-4BFA-A4E5-43D9EE86282C}.Ad-Hoc|ARM.ActiveCfg = Debug|Any CPU
		{FE1DAA59-DD32-4BFA-A4E5-43D9EE86282C}.Ad-Hoc|ARM.Build.0 = Debug|Any CPU
		{FE1DAA59-DD32-4BFA-A4E5-43D9EE86282C}.Ad-Hoc|ARM.Deploy.0 = Debug|Any CPU
		{FE1DAA59-DD32-4BFA-A4E5-43D9EE86282C}.Ad-Hoc|ARM64.ActiveCfg = Debug|Any CPU
		{FE1DAA59-DD32-4BFA-A4E5-43D9EE86282C}.Ad-Hoc|ARM64.Build.0 = Debug|Any CPU
		{FE1DAA59-DD32-4BFA-A4E5-43D9EE86282C}.Ad-Hoc|ARM64.Deploy.0 = Debug|Any CPU
		{FE1DAA59-DD32-4BFA-A4E5-43D9EE86282C}.Ad-Hoc|iPhone.ActiveCfg = Debug|Any CPU
		{FE1DAA59-DD32-4BFA-A4E5-43D9EE86282C}.Ad-Hoc|iPhone.Build.0 = Debug|Any CPU
		{FE1DAA59-DD32-4BFA-A4E5-43D9EE86282C}.Ad-Hoc|iPhone.Deploy.0 = Debug|Any CPU
		{FE1DAA59-DD32-4BFA-A4E5-43D9EE86282C}.Ad-Hoc|iPhoneSimulator.ActiveCfg = Debug|Any CPU
		{FE1DAA59-DD32-4BFA-A4E5-43D9EE86282C}.Ad-Hoc|iPhoneSimulator.Build.0 = Debug|Any CPU
		{FE1DAA59-DD32-4BFA-A4E5-43D9EE86282C}.Ad-Hoc|iPhoneSimulator.Deploy.0 = Debug|Any CPU
		{FE1DAA59-DD32-4BFA-A4E5-43D9EE86282C}.Ad-Hoc|x64.ActiveCfg = Debug|Any CPU
		{FE1DAA59-DD32-4BFA-A4E5-43D9EE86282C}.Ad-Hoc|x64.Build.0 = Debug|Any CPU
		{FE1DAA59-DD32-4BFA-A4E5-43D9EE86282C}.Ad-Hoc|x64.Deploy.0 = Debug|Any CPU
		{FE1DAA59-DD32-4BFA-A4E5-43D9EE86282C}.Ad-Hoc|x86.ActiveCfg = Debug|Any CPU
		{FE1DAA59-DD32-4BFA-A4E5-43D9EE86282C}.Ad-Hoc|x86.Build.0 = Debug|Any CPU
		{FE1DAA59-DD32-4BFA-A4E5-43D9EE86282C}.Ad-Hoc|x86.Deploy.0 = Debug|Any CPU
		{FE1DAA59-DD32-4BFA-A4E5-43D9EE86282C}.AppStore|Any CPU.ActiveCfg = Debug|Any CPU
		{FE1DAA59-DD32-4BFA-A4E5-43D9EE86282C}.AppStore|Any CPU.Build.0 = Debug|Any CPU
		{FE1DAA59-DD32-4BFA-A4E5-43D9EE86282C}.AppStore|Any CPU.Deploy.0 = Debug|Any CPU
		{FE1DAA59-DD32-4BFA-A4E5-43D9EE86282C}.AppStore|ARM.ActiveCfg = Debug|Any CPU
		{FE1DAA59-DD32-4BFA-A4E5-43D9EE86282C}.AppStore|ARM.Build.0 = Debug|Any CPU
		{FE1DAA59-DD32-4BFA-A4E5-43D9EE86282C}.AppStore|ARM.Deploy.0 = Debug|Any CPU
		{FE1DAA59-DD32-4BFA-A4E5-43D9EE86282C}.AppStore|ARM64.ActiveCfg = Debug|Any CPU
		{FE1DAA59-DD32-4BFA-A4E5-43D9EE86282C}.AppStore|ARM64.Build.0 = Debug|Any CPU
		{FE1DAA59-DD32-4BFA-A4E5-43D9EE86282C}.AppStore|ARM64.Deploy.0 = Debug|Any CPU
		{FE1DAA59-DD32-4BFA-A4E5-43D9EE86282C}.AppStore|iPhone.ActiveCfg = Debug|Any CPU
		{FE1DAA59-DD32-4BFA-A4E5-43D9EE86282C}.AppStore|iPhone.Build.0 = Debug|Any CPU
		{FE1DAA59-DD32-4BFA-A4E5-43D9EE86282C}.AppStore|iPhone.Deploy.0 = Debug|Any CPU
		{FE1DAA59-DD32-4BFA-A4E5-43D9EE86282C}.AppStore|iPhoneSimulator.ActiveCfg = Debug|Any CPU
		{FE1DAA59-DD32-4BFA-A4E5-43D9EE86282C}.AppStore|iPhoneSimulator.Build.0 = Debug|Any CPU
		{FE1DAA59-DD32-4BFA-A4E5-43D9EE86282C}.AppStore|iPhoneSimulator.Deploy.0 = Debug|Any CPU
		{FE1DAA59-DD32-4BFA-A4E5-43D9EE86282C}.AppStore|x64.ActiveCfg = Debug|Any CPU
		{FE1DAA59-DD32-4BFA-A4E5-43D9EE86282C}.AppStore|x64.Build.0 = Debug|Any CPU
		{FE1DAA59-DD32-4BFA-A4E5-43D9EE86282C}.AppStore|x64.Deploy.0 = Debug|Any CPU
		{FE1DAA59-DD32-4BFA-A4E5-43D9EE86282C}.AppStore|x86.ActiveCfg = Debug|Any CPU
		{FE1DAA59-DD32-4BFA-A4E5-43D9EE86282C}.AppStore|x86.Build.0 = Debug|Any CPU
		{FE1DAA59-DD32-4BFA-A4E5-43D9EE86282C}.AppStore|x86.Deploy.0 = Debug|Any CPU
		{FE1DAA59-DD32-4BFA-A4E5-43D9EE86282C}.Debug|Any CPU.ActiveCfg = Debug|Any CPU
		{FE1DAA59-DD32-4BFA-A4E5-43D9EE86282C}.Debug|Any CPU.Build.0 = Debug|Any CPU
		{FE1DAA59-DD32-4BFA-A4E5-43D9EE86282C}.Debug|Any CPU.Deploy.0 = Debug|Any CPU
		{FE1DAA59-DD32-4BFA-A4E5-43D9EE86282C}.Debug|ARM.ActiveCfg = Debug|Any CPU
		{FE1DAA59-DD32-4BFA-A4E5-43D9EE86282C}.Debug|ARM.Build.0 = Debug|Any CPU
		{FE1DAA59-DD32-4BFA-A4E5-43D9EE86282C}.Debug|ARM.Deploy.0 = Debug|Any CPU
		{FE1DAA59-DD32-4BFA-A4E5-43D9EE86282C}.Debug|ARM64.ActiveCfg = Debug|Any CPU
		{FE1DAA59-DD32-4BFA-A4E5-43D9EE86282C}.Debug|ARM64.Build.0 = Debug|Any CPU
		{FE1DAA59-DD32-4BFA-A4E5-43D9EE86282C}.Debug|ARM64.Deploy.0 = Debug|Any CPU
		{FE1DAA59-DD32-4BFA-A4E5-43D9EE86282C}.Debug|iPhone.ActiveCfg = Debug|Any CPU
		{FE1DAA59-DD32-4BFA-A4E5-43D9EE86282C}.Debug|iPhone.Build.0 = Debug|Any CPU
		{FE1DAA59-DD32-4BFA-A4E5-43D9EE86282C}.Debug|iPhone.Deploy.0 = Debug|Any CPU
		{FE1DAA59-DD32-4BFA-A4E5-43D9EE86282C}.Debug|iPhoneSimulator.ActiveCfg = Debug|Any CPU
		{FE1DAA59-DD32-4BFA-A4E5-43D9EE86282C}.Debug|iPhoneSimulator.Build.0 = Debug|Any CPU
		{FE1DAA59-DD32-4BFA-A4E5-43D9EE86282C}.Debug|iPhoneSimulator.Deploy.0 = Debug|Any CPU
		{FE1DAA59-DD32-4BFA-A4E5-43D9EE86282C}.Debug|x64.ActiveCfg = Debug|Any CPU
		{FE1DAA59-DD32-4BFA-A4E5-43D9EE86282C}.Debug|x64.Build.0 = Debug|Any CPU
		{FE1DAA59-DD32-4BFA-A4E5-43D9EE86282C}.Debug|x64.Deploy.0 = Debug|Any CPU
		{FE1DAA59-DD32-4BFA-A4E5-43D9EE86282C}.Debug|x86.ActiveCfg = Debug|Any CPU
		{FE1DAA59-DD32-4BFA-A4E5-43D9EE86282C}.Debug|x86.Build.0 = Debug|Any CPU
		{FE1DAA59-DD32-4BFA-A4E5-43D9EE86282C}.Debug|x86.Deploy.0 = Debug|Any CPU
		{FE1DAA59-DD32-4BFA-A4E5-43D9EE86282C}.Release|Any CPU.ActiveCfg = Release|Any CPU
		{FE1DAA59-DD32-4BFA-A4E5-43D9EE86282C}.Release|Any CPU.Build.0 = Release|Any CPU
		{FE1DAA59-DD32-4BFA-A4E5-43D9EE86282C}.Release|Any CPU.Deploy.0 = Release|Any CPU
		{FE1DAA59-DD32-4BFA-A4E5-43D9EE86282C}.Release|ARM.ActiveCfg = Release|Any CPU
		{FE1DAA59-DD32-4BFA-A4E5-43D9EE86282C}.Release|ARM.Build.0 = Release|Any CPU
		{FE1DAA59-DD32-4BFA-A4E5-43D9EE86282C}.Release|ARM.Deploy.0 = Release|Any CPU
		{FE1DAA59-DD32-4BFA-A4E5-43D9EE86282C}.Release|ARM64.ActiveCfg = Release|Any CPU
		{FE1DAA59-DD32-4BFA-A4E5-43D9EE86282C}.Release|ARM64.Build.0 = Release|Any CPU
		{FE1DAA59-DD32-4BFA-A4E5-43D9EE86282C}.Release|ARM64.Deploy.0 = Release|Any CPU
		{FE1DAA59-DD32-4BFA-A4E5-43D9EE86282C}.Release|iPhone.ActiveCfg = Release|Any CPU
		{FE1DAA59-DD32-4BFA-A4E5-43D9EE86282C}.Release|iPhone.Build.0 = Release|Any CPU
		{FE1DAA59-DD32-4BFA-A4E5-43D9EE86282C}.Release|iPhone.Deploy.0 = Release|Any CPU
		{FE1DAA59-DD32-4BFA-A4E5-43D9EE86282C}.Release|iPhoneSimulator.ActiveCfg = Release|Any CPU
		{FE1DAA59-DD32-4BFA-A4E5-43D9EE86282C}.Release|iPhoneSimulator.Build.0 = Release|Any CPU
		{FE1DAA59-DD32-4BFA-A4E5-43D9EE86282C}.Release|iPhoneSimulator.Deploy.0 = Release|Any CPU
		{FE1DAA59-DD32-4BFA-A4E5-43D9EE86282C}.Release|x64.ActiveCfg = Release|Any CPU
		{FE1DAA59-DD32-4BFA-A4E5-43D9EE86282C}.Release|x64.Build.0 = Release|Any CPU
		{FE1DAA59-DD32-4BFA-A4E5-43D9EE86282C}.Release|x64.Deploy.0 = Release|Any CPU
		{FE1DAA59-DD32-4BFA-A4E5-43D9EE86282C}.Release|x86.ActiveCfg = Release|Any CPU
		{FE1DAA59-DD32-4BFA-A4E5-43D9EE86282C}.Release|x86.Build.0 = Release|Any CPU
		{FE1DAA59-DD32-4BFA-A4E5-43D9EE86282C}.Release|x86.Deploy.0 = Release|Any CPU
		{C1536C43-6255-4DCB-911A-D107027B9A47}.Ad-Hoc|Any CPU.ActiveCfg = Ad-Hoc|iPhoneSimulator
		{C1536C43-6255-4DCB-911A-D107027B9A47}.Ad-Hoc|ARM.ActiveCfg = Ad-Hoc|iPhoneSimulator
		{C1536C43-6255-4DCB-911A-D107027B9A47}.Ad-Hoc|ARM64.ActiveCfg = Ad-Hoc|iPhoneSimulator
		{C1536C43-6255-4DCB-911A-D107027B9A47}.Ad-Hoc|iPhone.ActiveCfg = Ad-Hoc|iPhone
		{C1536C43-6255-4DCB-911A-D107027B9A47}.Ad-Hoc|iPhone.Build.0 = Ad-Hoc|iPhone
		{C1536C43-6255-4DCB-911A-D107027B9A47}.Ad-Hoc|iPhoneSimulator.ActiveCfg = Ad-Hoc|iPhoneSimulator
		{C1536C43-6255-4DCB-911A-D107027B9A47}.Ad-Hoc|iPhoneSimulator.Build.0 = Ad-Hoc|iPhoneSimulator
		{C1536C43-6255-4DCB-911A-D107027B9A47}.Ad-Hoc|x64.ActiveCfg = Ad-Hoc|iPhoneSimulator
		{C1536C43-6255-4DCB-911A-D107027B9A47}.Ad-Hoc|x86.ActiveCfg = Ad-Hoc|iPhoneSimulator
		{C1536C43-6255-4DCB-911A-D107027B9A47}.AppStore|Any CPU.ActiveCfg = AppStore|iPhoneSimulator
		{C1536C43-6255-4DCB-911A-D107027B9A47}.AppStore|ARM.ActiveCfg = AppStore|iPhoneSimulator
		{C1536C43-6255-4DCB-911A-D107027B9A47}.AppStore|ARM64.ActiveCfg = AppStore|iPhoneSimulator
		{C1536C43-6255-4DCB-911A-D107027B9A47}.AppStore|iPhone.ActiveCfg = AppStore|iPhone
		{C1536C43-6255-4DCB-911A-D107027B9A47}.AppStore|iPhone.Build.0 = AppStore|iPhone
		{C1536C43-6255-4DCB-911A-D107027B9A47}.AppStore|iPhoneSimulator.ActiveCfg = AppStore|iPhoneSimulator
		{C1536C43-6255-4DCB-911A-D107027B9A47}.AppStore|iPhoneSimulator.Build.0 = AppStore|iPhoneSimulator
		{C1536C43-6255-4DCB-911A-D107027B9A47}.AppStore|x64.ActiveCfg = AppStore|iPhoneSimulator
		{C1536C43-6255-4DCB-911A-D107027B9A47}.AppStore|x86.ActiveCfg = AppStore|iPhoneSimulator
		{C1536C43-6255-4DCB-911A-D107027B9A47}.Debug|Any CPU.ActiveCfg = Debug|iPhoneSimulator
		{C1536C43-6255-4DCB-911A-D107027B9A47}.Debug|ARM.ActiveCfg = Debug|iPhoneSimulator
		{C1536C43-6255-4DCB-911A-D107027B9A47}.Debug|ARM64.ActiveCfg = Debug|iPhoneSimulator
		{C1536C43-6255-4DCB-911A-D107027B9A47}.Debug|iPhone.ActiveCfg = Debug|iPhone
		{C1536C43-6255-4DCB-911A-D107027B9A47}.Debug|iPhone.Build.0 = Debug|iPhone
		{C1536C43-6255-4DCB-911A-D107027B9A47}.Debug|iPhoneSimulator.ActiveCfg = Debug|iPhoneSimulator
		{C1536C43-6255-4DCB-911A-D107027B9A47}.Debug|iPhoneSimulator.Build.0 = Debug|iPhoneSimulator
		{C1536C43-6255-4DCB-911A-D107027B9A47}.Debug|x64.ActiveCfg = Debug|iPhoneSimulator
		{C1536C43-6255-4DCB-911A-D107027B9A47}.Debug|x86.ActiveCfg = Debug|iPhoneSimulator
		{C1536C43-6255-4DCB-911A-D107027B9A47}.Release|Any CPU.ActiveCfg = Release|iPhoneSimulator
		{C1536C43-6255-4DCB-911A-D107027B9A47}.Release|ARM.ActiveCfg = Release|iPhoneSimulator
		{C1536C43-6255-4DCB-911A-D107027B9A47}.Release|ARM64.ActiveCfg = Release|iPhoneSimulator
		{C1536C43-6255-4DCB-911A-D107027B9A47}.Release|iPhone.ActiveCfg = Release|iPhone
		{C1536C43-6255-4DCB-911A-D107027B9A47}.Release|iPhone.Build.0 = Release|iPhone
		{C1536C43-6255-4DCB-911A-D107027B9A47}.Release|iPhoneSimulator.ActiveCfg = Release|iPhoneSimulator
		{C1536C43-6255-4DCB-911A-D107027B9A47}.Release|iPhoneSimulator.Build.0 = Release|iPhoneSimulator
		{C1536C43-6255-4DCB-911A-D107027B9A47}.Release|x64.ActiveCfg = Release|iPhoneSimulator
		{C1536C43-6255-4DCB-911A-D107027B9A47}.Release|x86.ActiveCfg = Release|iPhoneSimulator
		{89E23947-009E-45BB-AABA-F3DC9C4DBF56}.Ad-Hoc|Any CPU.ActiveCfg = Debug|x86
		{89E23947-009E-45BB-AABA-F3DC9C4DBF56}.Ad-Hoc|Any CPU.Build.0 = Debug|x86
		{89E23947-009E-45BB-AABA-F3DC9C4DBF56}.Ad-Hoc|Any CPU.Deploy.0 = Debug|x86
		{89E23947-009E-45BB-AABA-F3DC9C4DBF56}.Ad-Hoc|ARM.ActiveCfg = Debug|ARM
		{89E23947-009E-45BB-AABA-F3DC9C4DBF56}.Ad-Hoc|ARM.Build.0 = Debug|ARM
		{89E23947-009E-45BB-AABA-F3DC9C4DBF56}.Ad-Hoc|ARM.Deploy.0 = Debug|ARM
		{89E23947-009E-45BB-AABA-F3DC9C4DBF56}.Ad-Hoc|ARM64.ActiveCfg = Debug|ARM64
		{89E23947-009E-45BB-AABA-F3DC9C4DBF56}.Ad-Hoc|ARM64.Build.0 = Debug|ARM64
		{89E23947-009E-45BB-AABA-F3DC9C4DBF56}.Ad-Hoc|ARM64.Deploy.0 = Debug|ARM64
		{89E23947-009E-45BB-AABA-F3DC9C4DBF56}.Ad-Hoc|iPhone.ActiveCfg = Debug|x86
		{89E23947-009E-45BB-AABA-F3DC9C4DBF56}.Ad-Hoc|iPhone.Build.0 = Debug|x86
		{89E23947-009E-45BB-AABA-F3DC9C4DBF56}.Ad-Hoc|iPhone.Deploy.0 = Debug|x86
		{89E23947-009E-45BB-AABA-F3DC9C4DBF56}.Ad-Hoc|iPhoneSimulator.ActiveCfg = Debug|x86
		{89E23947-009E-45BB-AABA-F3DC9C4DBF56}.Ad-Hoc|iPhoneSimulator.Build.0 = Debug|x86
		{89E23947-009E-45BB-AABA-F3DC9C4DBF56}.Ad-Hoc|iPhoneSimulator.Deploy.0 = Debug|x86
		{89E23947-009E-45BB-AABA-F3DC9C4DBF56}.Ad-Hoc|x64.ActiveCfg = Debug|x64
		{89E23947-009E-45BB-AABA-F3DC9C4DBF56}.Ad-Hoc|x64.Build.0 = Debug|x64
		{89E23947-009E-45BB-AABA-F3DC9C4DBF56}.Ad-Hoc|x64.Deploy.0 = Debug|x64
		{89E23947-009E-45BB-AABA-F3DC9C4DBF56}.Ad-Hoc|x86.ActiveCfg = Debug|x86
		{89E23947-009E-45BB-AABA-F3DC9C4DBF56}.Ad-Hoc|x86.Build.0 = Debug|x86
		{89E23947-009E-45BB-AABA-F3DC9C4DBF56}.Ad-Hoc|x86.Deploy.0 = Debug|x86
		{89E23947-009E-45BB-AABA-F3DC9C4DBF56}.AppStore|Any CPU.ActiveCfg = Debug|x86
		{89E23947-009E-45BB-AABA-F3DC9C4DBF56}.AppStore|Any CPU.Build.0 = Debug|x86
		{89E23947-009E-45BB-AABA-F3DC9C4DBF56}.AppStore|Any CPU.Deploy.0 = Debug|x86
		{89E23947-009E-45BB-AABA-F3DC9C4DBF56}.AppStore|ARM.ActiveCfg = Debug|ARM
		{89E23947-009E-45BB-AABA-F3DC9C4DBF56}.AppStore|ARM.Build.0 = Debug|ARM
		{89E23947-009E-45BB-AABA-F3DC9C4DBF56}.AppStore|ARM.Deploy.0 = Debug|ARM
		{89E23947-009E-45BB-AABA-F3DC9C4DBF56}.AppStore|ARM64.ActiveCfg = Debug|ARM64
		{89E23947-009E-45BB-AABA-F3DC9C4DBF56}.AppStore|ARM64.Build.0 = Debug|ARM64
		{89E23947-009E-45BB-AABA-F3DC9C4DBF56}.AppStore|ARM64.Deploy.0 = Debug|ARM64
		{89E23947-009E-45BB-AABA-F3DC9C4DBF56}.AppStore|iPhone.ActiveCfg = Debug|x86
		{89E23947-009E-45BB-AABA-F3DC9C4DBF56}.AppStore|iPhone.Build.0 = Debug|x86
		{89E23947-009E-45BB-AABA-F3DC9C4DBF56}.AppStore|iPhone.Deploy.0 = Debug|x86
		{89E23947-009E-45BB-AABA-F3DC9C4DBF56}.AppStore|iPhoneSimulator.ActiveCfg = Debug|x86
		{89E23947-009E-45BB-AABA-F3DC9C4DBF56}.AppStore|iPhoneSimulator.Build.0 = Debug|x86
		{89E23947-009E-45BB-AABA-F3DC9C4DBF56}.AppStore|iPhoneSimulator.Deploy.0 = Debug|x86
		{89E23947-009E-45BB-AABA-F3DC9C4DBF56}.AppStore|x64.ActiveCfg = Debug|x64
		{89E23947-009E-45BB-AABA-F3DC9C4DBF56}.AppStore|x64.Build.0 = Debug|x64
		{89E23947-009E-45BB-AABA-F3DC9C4DBF56}.AppStore|x64.Deploy.0 = Debug|x64
		{89E23947-009E-45BB-AABA-F3DC9C4DBF56}.AppStore|x86.ActiveCfg = Debug|x86
		{89E23947-009E-45BB-AABA-F3DC9C4DBF56}.AppStore|x86.Build.0 = Debug|x86
		{89E23947-009E-45BB-AABA-F3DC9C4DBF56}.AppStore|x86.Deploy.0 = Debug|x86
		{89E23947-009E-45BB-AABA-F3DC9C4DBF56}.Debug|Any CPU.ActiveCfg = Debug|x86
		{89E23947-009E-45BB-AABA-F3DC9C4DBF56}.Debug|Any CPU.Build.0 = Debug|x86
		{89E23947-009E-45BB-AABA-F3DC9C4DBF56}.Debug|Any CPU.Deploy.0 = Debug|x86
		{89E23947-009E-45BB-AABA-F3DC9C4DBF56}.Debug|ARM.ActiveCfg = Debug|ARM
		{89E23947-009E-45BB-AABA-F3DC9C4DBF56}.Debug|ARM.Build.0 = Debug|ARM
		{89E23947-009E-45BB-AABA-F3DC9C4DBF56}.Debug|ARM.Deploy.0 = Debug|ARM
		{89E23947-009E-45BB-AABA-F3DC9C4DBF56}.Debug|ARM64.ActiveCfg = Debug|ARM64
		{89E23947-009E-45BB-AABA-F3DC9C4DBF56}.Debug|ARM64.Build.0 = Debug|ARM64
		{89E23947-009E-45BB-AABA-F3DC9C4DBF56}.Debug|ARM64.Deploy.0 = Debug|ARM64
		{89E23947-009E-45BB-AABA-F3DC9C4DBF56}.Debug|iPhone.ActiveCfg = Debug|x86
		{89E23947-009E-45BB-AABA-F3DC9C4DBF56}.Debug|iPhoneSimulator.ActiveCfg = Debug|x86
		{89E23947-009E-45BB-AABA-F3DC9C4DBF56}.Debug|x64.ActiveCfg = Debug|x64
		{89E23947-009E-45BB-AABA-F3DC9C4DBF56}.Debug|x64.Build.0 = Debug|x64
		{89E23947-009E-45BB-AABA-F3DC9C4DBF56}.Debug|x64.Deploy.0 = Debug|x64
		{89E23947-009E-45BB-AABA-F3DC9C4DBF56}.Debug|x86.ActiveCfg = Debug|x86
		{89E23947-009E-45BB-AABA-F3DC9C4DBF56}.Debug|x86.Build.0 = Debug|x86
		{89E23947-009E-45BB-AABA-F3DC9C4DBF56}.Debug|x86.Deploy.0 = Debug|x86
		{89E23947-009E-45BB-AABA-F3DC9C4DBF56}.Release|Any CPU.ActiveCfg = Release|x86
		{89E23947-009E-45BB-AABA-F3DC9C4DBF56}.Release|ARM.ActiveCfg = Release|ARM
		{89E23947-009E-45BB-AABA-F3DC9C4DBF56}.Release|ARM.Build.0 = Release|ARM
		{89E23947-009E-45BB-AABA-F3DC9C4DBF56}.Release|ARM.Deploy.0 = Release|ARM
		{89E23947-009E-45BB-AABA-F3DC9C4DBF56}.Release|ARM64.ActiveCfg = Release|ARM64
		{89E23947-009E-45BB-AABA-F3DC9C4DBF56}.Release|ARM64.Build.0 = Release|ARM64
		{89E23947-009E-45BB-AABA-F3DC9C4DBF56}.Release|ARM64.Deploy.0 = Release|ARM64
		{89E23947-009E-45BB-AABA-F3DC9C4DBF56}.Release|iPhone.ActiveCfg = Release|x86
		{89E23947-009E-45BB-AABA-F3DC9C4DBF56}.Release|iPhoneSimulator.ActiveCfg = Release|x86
		{89E23947-009E-45BB-AABA-F3DC9C4DBF56}.Release|x64.ActiveCfg = Release|x64
		{89E23947-009E-45BB-AABA-F3DC9C4DBF56}.Release|x64.Build.0 = Release|x64
		{89E23947-009E-45BB-AABA-F3DC9C4DBF56}.Release|x64.Deploy.0 = Release|x64
		{89E23947-009E-45BB-AABA-F3DC9C4DBF56}.Release|x86.ActiveCfg = Release|x86
		{89E23947-009E-45BB-AABA-F3DC9C4DBF56}.Release|x86.Build.0 = Release|x86
		{89E23947-009E-45BB-AABA-F3DC9C4DBF56}.Release|x86.Deploy.0 = Release|x86
		{D9981419-F6EB-48A7-A200-64E6A5BD9A1E}.Ad-Hoc|Any CPU.ActiveCfg = Debug|Any CPU
		{D9981419-F6EB-48A7-A200-64E6A5BD9A1E}.Ad-Hoc|Any CPU.Build.0 = Debug|Any CPU
		{D9981419-F6EB-48A7-A200-64E6A5BD9A1E}.Ad-Hoc|ARM.ActiveCfg = Debug|Any CPU
		{D9981419-F6EB-48A7-A200-64E6A5BD9A1E}.Ad-Hoc|ARM.Build.0 = Debug|Any CPU
		{D9981419-F6EB-48A7-A200-64E6A5BD9A1E}.Ad-Hoc|ARM64.ActiveCfg = Debug|Any CPU
		{D9981419-F6EB-48A7-A200-64E6A5BD9A1E}.Ad-Hoc|ARM64.Build.0 = Debug|Any CPU
		{D9981419-F6EB-48A7-A200-64E6A5BD9A1E}.Ad-Hoc|iPhone.ActiveCfg = Debug|Any CPU
		{D9981419-F6EB-48A7-A200-64E6A5BD9A1E}.Ad-Hoc|iPhone.Build.0 = Debug|Any CPU
		{D9981419-F6EB-48A7-A200-64E6A5BD9A1E}.Ad-Hoc|iPhoneSimulator.ActiveCfg = Debug|Any CPU
		{D9981419-F6EB-48A7-A200-64E6A5BD9A1E}.Ad-Hoc|iPhoneSimulator.Build.0 = Debug|Any CPU
		{D9981419-F6EB-48A7-A200-64E6A5BD9A1E}.Ad-Hoc|x64.ActiveCfg = Debug|Any CPU
		{D9981419-F6EB-48A7-A200-64E6A5BD9A1E}.Ad-Hoc|x64.Build.0 = Debug|Any CPU
		{D9981419-F6EB-48A7-A200-64E6A5BD9A1E}.Ad-Hoc|x86.ActiveCfg = Debug|Any CPU
		{D9981419-F6EB-48A7-A200-64E6A5BD9A1E}.Ad-Hoc|x86.Build.0 = Debug|Any CPU
		{D9981419-F6EB-48A7-A200-64E6A5BD9A1E}.AppStore|Any CPU.ActiveCfg = Debug|Any CPU
		{D9981419-F6EB-48A7-A200-64E6A5BD9A1E}.AppStore|Any CPU.Build.0 = Debug|Any CPU
		{D9981419-F6EB-48A7-A200-64E6A5BD9A1E}.AppStore|ARM.ActiveCfg = Debug|Any CPU
		{D9981419-F6EB-48A7-A200-64E6A5BD9A1E}.AppStore|ARM.Build.0 = Debug|Any CPU
		{D9981419-F6EB-48A7-A200-64E6A5BD9A1E}.AppStore|ARM64.ActiveCfg = Debug|Any CPU
		{D9981419-F6EB-48A7-A200-64E6A5BD9A1E}.AppStore|ARM64.Build.0 = Debug|Any CPU
		{D9981419-F6EB-48A7-A200-64E6A5BD9A1E}.AppStore|iPhone.ActiveCfg = Debug|Any CPU
		{D9981419-F6EB-48A7-A200-64E6A5BD9A1E}.AppStore|iPhone.Build.0 = Debug|Any CPU
		{D9981419-F6EB-48A7-A200-64E6A5BD9A1E}.AppStore|iPhoneSimulator.ActiveCfg = Debug|Any CPU
		{D9981419-F6EB-48A7-A200-64E6A5BD9A1E}.AppStore|iPhoneSimulator.Build.0 = Debug|Any CPU
		{D9981419-F6EB-48A7-A200-64E6A5BD9A1E}.AppStore|x64.ActiveCfg = Debug|Any CPU
		{D9981419-F6EB-48A7-A200-64E6A5BD9A1E}.AppStore|x64.Build.0 = Debug|Any CPU
		{D9981419-F6EB-48A7-A200-64E6A5BD9A1E}.AppStore|x86.ActiveCfg = Debug|Any CPU
		{D9981419-F6EB-48A7-A200-64E6A5BD9A1E}.AppStore|x86.Build.0 = Debug|Any CPU
		{D9981419-F6EB-48A7-A200-64E6A5BD9A1E}.Debug|Any CPU.ActiveCfg = Debug|Any CPU
		{D9981419-F6EB-48A7-A200-64E6A5BD9A1E}.Debug|Any CPU.Build.0 = Debug|Any CPU
		{D9981419-F6EB-48A7-A200-64E6A5BD9A1E}.Debug|ARM.ActiveCfg = Debug|Any CPU
		{D9981419-F6EB-48A7-A200-64E6A5BD9A1E}.Debug|ARM.Build.0 = Debug|Any CPU
		{D9981419-F6EB-48A7-A200-64E6A5BD9A1E}.Debug|ARM64.ActiveCfg = Debug|Any CPU
		{D9981419-F6EB-48A7-A200-64E6A5BD9A1E}.Debug|ARM64.Build.0 = Debug|Any CPU
		{D9981419-F6EB-48A7-A200-64E6A5BD9A1E}.Debug|iPhone.ActiveCfg = Debug|Any CPU
		{D9981419-F6EB-48A7-A200-64E6A5BD9A1E}.Debug|iPhone.Build.0 = Debug|Any CPU
		{D9981419-F6EB-48A7-A200-64E6A5BD9A1E}.Debug|iPhoneSimulator.ActiveCfg = Debug|Any CPU
		{D9981419-F6EB-48A7-A200-64E6A5BD9A1E}.Debug|iPhoneSimulator.Build.0 = Debug|Any CPU
		{D9981419-F6EB-48A7-A200-64E6A5BD9A1E}.Debug|x64.ActiveCfg = Debug|Any CPU
		{D9981419-F6EB-48A7-A200-64E6A5BD9A1E}.Debug|x64.Build.0 = Debug|Any CPU
		{D9981419-F6EB-48A7-A200-64E6A5BD9A1E}.Debug|x86.ActiveCfg = Debug|Any CPU
		{D9981419-F6EB-48A7-A200-64E6A5BD9A1E}.Debug|x86.Build.0 = Debug|Any CPU
		{D9981419-F6EB-48A7-A200-64E6A5BD9A1E}.Release|Any CPU.ActiveCfg = Release|Any CPU
		{D9981419-F6EB-48A7-A200-64E6A5BD9A1E}.Release|Any CPU.Build.0 = Release|Any CPU
		{D9981419-F6EB-48A7-A200-64E6A5BD9A1E}.Release|ARM.ActiveCfg = Release|Any CPU
		{D9981419-F6EB-48A7-A200-64E6A5BD9A1E}.Release|ARM.Build.0 = Release|Any CPU
		{D9981419-F6EB-48A7-A200-64E6A5BD9A1E}.Release|ARM64.ActiveCfg = Release|Any CPU
		{D9981419-F6EB-48A7-A200-64E6A5BD9A1E}.Release|ARM64.Build.0 = Release|Any CPU
		{D9981419-F6EB-48A7-A200-64E6A5BD9A1E}.Release|iPhone.ActiveCfg = Release|Any CPU
		{D9981419-F6EB-48A7-A200-64E6A5BD9A1E}.Release|iPhone.Build.0 = Release|Any CPU
		{D9981419-F6EB-48A7-A200-64E6A5BD9A1E}.Release|iPhoneSimulator.ActiveCfg = Release|Any CPU
		{D9981419-F6EB-48A7-A200-64E6A5BD9A1E}.Release|iPhoneSimulator.Build.0 = Release|Any CPU
		{D9981419-F6EB-48A7-A200-64E6A5BD9A1E}.Release|x64.ActiveCfg = Release|Any CPU
		{D9981419-F6EB-48A7-A200-64E6A5BD9A1E}.Release|x64.Build.0 = Release|Any CPU
		{D9981419-F6EB-48A7-A200-64E6A5BD9A1E}.Release|x86.ActiveCfg = Release|Any CPU
		{D9981419-F6EB-48A7-A200-64E6A5BD9A1E}.Release|x86.Build.0 = Release|Any CPU
		{A49EC61C-2838-4291-B4F2-B96B2A58E4C5}.Ad-Hoc|Any CPU.ActiveCfg = Debug|iPhoneSimulator
		{A49EC61C-2838-4291-B4F2-B96B2A58E4C5}.Ad-Hoc|Any CPU.Build.0 = Debug|iPhoneSimulator
		{A49EC61C-2838-4291-B4F2-B96B2A58E4C5}.Ad-Hoc|ARM.ActiveCfg = Debug|iPhoneSimulator
		{A49EC61C-2838-4291-B4F2-B96B2A58E4C5}.Ad-Hoc|ARM.Build.0 = Debug|iPhoneSimulator
		{A49EC61C-2838-4291-B4F2-B96B2A58E4C5}.Ad-Hoc|ARM64.ActiveCfg = Debug|iPhoneSimulator
		{A49EC61C-2838-4291-B4F2-B96B2A58E4C5}.Ad-Hoc|ARM64.Build.0 = Debug|iPhoneSimulator
		{A49EC61C-2838-4291-B4F2-B96B2A58E4C5}.Ad-Hoc|iPhone.ActiveCfg = Debug|iPhoneSimulator
		{A49EC61C-2838-4291-B4F2-B96B2A58E4C5}.Ad-Hoc|iPhone.Build.0 = Debug|iPhoneSimulator
		{A49EC61C-2838-4291-B4F2-B96B2A58E4C5}.Ad-Hoc|iPhoneSimulator.ActiveCfg = Debug|iPhoneSimulator
		{A49EC61C-2838-4291-B4F2-B96B2A58E4C5}.Ad-Hoc|iPhoneSimulator.Build.0 = Debug|iPhoneSimulator
		{A49EC61C-2838-4291-B4F2-B96B2A58E4C5}.Ad-Hoc|x64.ActiveCfg = Debug|iPhoneSimulator
		{A49EC61C-2838-4291-B4F2-B96B2A58E4C5}.Ad-Hoc|x64.Build.0 = Debug|iPhoneSimulator
		{A49EC61C-2838-4291-B4F2-B96B2A58E4C5}.Ad-Hoc|x86.ActiveCfg = Debug|iPhoneSimulator
		{A49EC61C-2838-4291-B4F2-B96B2A58E4C5}.Ad-Hoc|x86.Build.0 = Debug|iPhoneSimulator
		{A49EC61C-2838-4291-B4F2-B96B2A58E4C5}.AppStore|Any CPU.ActiveCfg = Debug|iPhoneSimulator
		{A49EC61C-2838-4291-B4F2-B96B2A58E4C5}.AppStore|Any CPU.Build.0 = Debug|iPhoneSimulator
		{A49EC61C-2838-4291-B4F2-B96B2A58E4C5}.AppStore|ARM.ActiveCfg = Debug|iPhoneSimulator
		{A49EC61C-2838-4291-B4F2-B96B2A58E4C5}.AppStore|ARM.Build.0 = Debug|iPhoneSimulator
		{A49EC61C-2838-4291-B4F2-B96B2A58E4C5}.AppStore|ARM64.ActiveCfg = Debug|iPhoneSimulator
		{A49EC61C-2838-4291-B4F2-B96B2A58E4C5}.AppStore|ARM64.Build.0 = Debug|iPhoneSimulator
		{A49EC61C-2838-4291-B4F2-B96B2A58E4C5}.AppStore|iPhone.ActiveCfg = Debug|iPhoneSimulator
		{A49EC61C-2838-4291-B4F2-B96B2A58E4C5}.AppStore|iPhone.Build.0 = Debug|iPhoneSimulator
		{A49EC61C-2838-4291-B4F2-B96B2A58E4C5}.AppStore|iPhoneSimulator.ActiveCfg = Debug|iPhoneSimulator
		{A49EC61C-2838-4291-B4F2-B96B2A58E4C5}.AppStore|iPhoneSimulator.Build.0 = Debug|iPhoneSimulator
		{A49EC61C-2838-4291-B4F2-B96B2A58E4C5}.AppStore|x64.ActiveCfg = Debug|iPhoneSimulator
		{A49EC61C-2838-4291-B4F2-B96B2A58E4C5}.AppStore|x64.Build.0 = Debug|iPhoneSimulator
		{A49EC61C-2838-4291-B4F2-B96B2A58E4C5}.AppStore|x86.ActiveCfg = Debug|iPhoneSimulator
		{A49EC61C-2838-4291-B4F2-B96B2A58E4C5}.AppStore|x86.Build.0 = Debug|iPhoneSimulator
		{A49EC61C-2838-4291-B4F2-B96B2A58E4C5}.Debug|Any CPU.ActiveCfg = Debug|iPhoneSimulator
		{A49EC61C-2838-4291-B4F2-B96B2A58E4C5}.Debug|ARM.ActiveCfg = Debug|iPhoneSimulator
		{A49EC61C-2838-4291-B4F2-B96B2A58E4C5}.Debug|ARM64.ActiveCfg = Debug|iPhoneSimulator
		{A49EC61C-2838-4291-B4F2-B96B2A58E4C5}.Debug|iPhone.ActiveCfg = Debug|iPhoneSimulator
		{A49EC61C-2838-4291-B4F2-B96B2A58E4C5}.Debug|iPhoneSimulator.ActiveCfg = Debug|iPhoneSimulator
		{A49EC61C-2838-4291-B4F2-B96B2A58E4C5}.Debug|iPhoneSimulator.Build.0 = Debug|iPhoneSimulator
		{A49EC61C-2838-4291-B4F2-B96B2A58E4C5}.Debug|x64.ActiveCfg = Debug|iPhoneSimulator
		{A49EC61C-2838-4291-B4F2-B96B2A58E4C5}.Debug|x86.ActiveCfg = Debug|iPhoneSimulator
		{A49EC61C-2838-4291-B4F2-B96B2A58E4C5}.Release|Any CPU.ActiveCfg = Release|iPhoneSimulator
		{A49EC61C-2838-4291-B4F2-B96B2A58E4C5}.Release|ARM.ActiveCfg = Release|iPhoneSimulator
		{A49EC61C-2838-4291-B4F2-B96B2A58E4C5}.Release|ARM64.ActiveCfg = Release|iPhoneSimulator
		{A49EC61C-2838-4291-B4F2-B96B2A58E4C5}.Release|iPhone.ActiveCfg = Release|iPhoneSimulator
		{A49EC61C-2838-4291-B4F2-B96B2A58E4C5}.Release|iPhoneSimulator.ActiveCfg = Release|iPhoneSimulator
		{A49EC61C-2838-4291-B4F2-B96B2A58E4C5}.Release|iPhoneSimulator.Build.0 = Release|iPhoneSimulator
		{A49EC61C-2838-4291-B4F2-B96B2A58E4C5}.Release|x64.ActiveCfg = Release|iPhoneSimulator
		{A49EC61C-2838-4291-B4F2-B96B2A58E4C5}.Release|x86.ActiveCfg = Release|iPhoneSimulator
		{EC658FA7-99FB-44F5-BC21-3D8810FD388D}.Ad-Hoc|Any CPU.ActiveCfg = Debug|Any CPU
		{EC658FA7-99FB-44F5-BC21-3D8810FD388D}.Ad-Hoc|Any CPU.Build.0 = Debug|Any CPU
		{EC658FA7-99FB-44F5-BC21-3D8810FD388D}.Ad-Hoc|ARM.ActiveCfg = Debug|Any CPU
		{EC658FA7-99FB-44F5-BC21-3D8810FD388D}.Ad-Hoc|ARM.Build.0 = Debug|Any CPU
		{EC658FA7-99FB-44F5-BC21-3D8810FD388D}.Ad-Hoc|ARM64.ActiveCfg = Debug|Any CPU
		{EC658FA7-99FB-44F5-BC21-3D8810FD388D}.Ad-Hoc|ARM64.Build.0 = Debug|Any CPU
		{EC658FA7-99FB-44F5-BC21-3D8810FD388D}.Ad-Hoc|iPhone.ActiveCfg = Debug|Any CPU
		{EC658FA7-99FB-44F5-BC21-3D8810FD388D}.Ad-Hoc|iPhone.Build.0 = Debug|Any CPU
		{EC658FA7-99FB-44F5-BC21-3D8810FD388D}.Ad-Hoc|iPhoneSimulator.ActiveCfg = Debug|Any CPU
		{EC658FA7-99FB-44F5-BC21-3D8810FD388D}.Ad-Hoc|iPhoneSimulator.Build.0 = Debug|Any CPU
		{EC658FA7-99FB-44F5-BC21-3D8810FD388D}.Ad-Hoc|x64.ActiveCfg = Debug|Any CPU
		{EC658FA7-99FB-44F5-BC21-3D8810FD388D}.Ad-Hoc|x64.Build.0 = Debug|Any CPU
		{EC658FA7-99FB-44F5-BC21-3D8810FD388D}.Ad-Hoc|x86.ActiveCfg = Debug|Any CPU
		{EC658FA7-99FB-44F5-BC21-3D8810FD388D}.Ad-Hoc|x86.Build.0 = Debug|Any CPU
		{EC658FA7-99FB-44F5-BC21-3D8810FD388D}.AppStore|Any CPU.ActiveCfg = Debug|Any CPU
		{EC658FA7-99FB-44F5-BC21-3D8810FD388D}.AppStore|Any CPU.Build.0 = Debug|Any CPU
		{EC658FA7-99FB-44F5-BC21-3D8810FD388D}.AppStore|ARM.ActiveCfg = Debug|Any CPU
		{EC658FA7-99FB-44F5-BC21-3D8810FD388D}.AppStore|ARM.Build.0 = Debug|Any CPU
		{EC658FA7-99FB-44F5-BC21-3D8810FD388D}.AppStore|ARM64.ActiveCfg = Debug|Any CPU
		{EC658FA7-99FB-44F5-BC21-3D8810FD388D}.AppStore|ARM64.Build.0 = Debug|Any CPU
		{EC658FA7-99FB-44F5-BC21-3D8810FD388D}.AppStore|iPhone.ActiveCfg = Debug|Any CPU
		{EC658FA7-99FB-44F5-BC21-3D8810FD388D}.AppStore|iPhone.Build.0 = Debug|Any CPU
		{EC658FA7-99FB-44F5-BC21-3D8810FD388D}.AppStore|iPhoneSimulator.ActiveCfg = Debug|Any CPU
		{EC658FA7-99FB-44F5-BC21-3D8810FD388D}.AppStore|iPhoneSimulator.Build.0 = Debug|Any CPU
		{EC658FA7-99FB-44F5-BC21-3D8810FD388D}.AppStore|x64.ActiveCfg = Debug|Any CPU
		{EC658FA7-99FB-44F5-BC21-3D8810FD388D}.AppStore|x64.Build.0 = Debug|Any CPU
		{EC658FA7-99FB-44F5-BC21-3D8810FD388D}.AppStore|x86.ActiveCfg = Debug|Any CPU
		{EC658FA7-99FB-44F5-BC21-3D8810FD388D}.AppStore|x86.Build.0 = Debug|Any CPU
		{EC658FA7-99FB-44F5-BC21-3D8810FD388D}.Debug|Any CPU.ActiveCfg = Debug|Any CPU
		{EC658FA7-99FB-44F5-BC21-3D8810FD388D}.Debug|Any CPU.Build.0 = Debug|Any CPU
		{EC658FA7-99FB-44F5-BC21-3D8810FD388D}.Debug|ARM.ActiveCfg = Debug|Any CPU
		{EC658FA7-99FB-44F5-BC21-3D8810FD388D}.Debug|ARM.Build.0 = Debug|Any CPU
		{EC658FA7-99FB-44F5-BC21-3D8810FD388D}.Debug|ARM64.ActiveCfg = Debug|Any CPU
		{EC658FA7-99FB-44F5-BC21-3D8810FD388D}.Debug|ARM64.Build.0 = Debug|Any CPU
		{EC658FA7-99FB-44F5-BC21-3D8810FD388D}.Debug|iPhone.ActiveCfg = Debug|Any CPU
		{EC658FA7-99FB-44F5-BC21-3D8810FD388D}.Debug|iPhone.Build.0 = Debug|Any CPU
		{EC658FA7-99FB-44F5-BC21-3D8810FD388D}.Debug|iPhoneSimulator.ActiveCfg = Debug|Any CPU
		{EC658FA7-99FB-44F5-BC21-3D8810FD388D}.Debug|iPhoneSimulator.Build.0 = Debug|Any CPU
		{EC658FA7-99FB-44F5-BC21-3D8810FD388D}.Debug|x64.ActiveCfg = Debug|Any CPU
		{EC658FA7-99FB-44F5-BC21-3D8810FD388D}.Debug|x64.Build.0 = Debug|Any CPU
		{EC658FA7-99FB-44F5-BC21-3D8810FD388D}.Debug|x86.ActiveCfg = Debug|Any CPU
		{EC658FA7-99FB-44F5-BC21-3D8810FD388D}.Debug|x86.Build.0 = Debug|Any CPU
		{EC658FA7-99FB-44F5-BC21-3D8810FD388D}.Release|Any CPU.ActiveCfg = Release|Any CPU
		{EC658FA7-99FB-44F5-BC21-3D8810FD388D}.Release|Any CPU.Build.0 = Release|Any CPU
		{EC658FA7-99FB-44F5-BC21-3D8810FD388D}.Release|ARM.ActiveCfg = Release|Any CPU
		{EC658FA7-99FB-44F5-BC21-3D8810FD388D}.Release|ARM.Build.0 = Release|Any CPU
		{EC658FA7-99FB-44F5-BC21-3D8810FD388D}.Release|ARM64.ActiveCfg = Release|Any CPU
		{EC658FA7-99FB-44F5-BC21-3D8810FD388D}.Release|ARM64.Build.0 = Release|Any CPU
		{EC658FA7-99FB-44F5-BC21-3D8810FD388D}.Release|iPhone.ActiveCfg = Release|Any CPU
		{EC658FA7-99FB-44F5-BC21-3D8810FD388D}.Release|iPhone.Build.0 = Release|Any CPU
		{EC658FA7-99FB-44F5-BC21-3D8810FD388D}.Release|iPhoneSimulator.ActiveCfg = Release|Any CPU
		{EC658FA7-99FB-44F5-BC21-3D8810FD388D}.Release|iPhoneSimulator.Build.0 = Release|Any CPU
		{EC658FA7-99FB-44F5-BC21-3D8810FD388D}.Release|x64.ActiveCfg = Release|Any CPU
		{EC658FA7-99FB-44F5-BC21-3D8810FD388D}.Release|x64.Build.0 = Release|Any CPU
		{EC658FA7-99FB-44F5-BC21-3D8810FD388D}.Release|x86.ActiveCfg = Release|Any CPU
		{EC658FA7-99FB-44F5-BC21-3D8810FD388D}.Release|x86.Build.0 = Release|Any CPU
		{A71DDD5B-69A9-45AF-BA6D-4B792DAFCF85}.Ad-Hoc|Any CPU.ActiveCfg = Debug|Any CPU
		{A71DDD5B-69A9-45AF-BA6D-4B792DAFCF85}.Ad-Hoc|Any CPU.Build.0 = Debug|Any CPU
		{A71DDD5B-69A9-45AF-BA6D-4B792DAFCF85}.Ad-Hoc|ARM.ActiveCfg = Debug|Any CPU
		{A71DDD5B-69A9-45AF-BA6D-4B792DAFCF85}.Ad-Hoc|ARM.Build.0 = Debug|Any CPU
		{A71DDD5B-69A9-45AF-BA6D-4B792DAFCF85}.Ad-Hoc|ARM64.ActiveCfg = Debug|Any CPU
		{A71DDD5B-69A9-45AF-BA6D-4B792DAFCF85}.Ad-Hoc|ARM64.Build.0 = Debug|Any CPU
		{A71DDD5B-69A9-45AF-BA6D-4B792DAFCF85}.Ad-Hoc|iPhone.ActiveCfg = Debug|Any CPU
		{A71DDD5B-69A9-45AF-BA6D-4B792DAFCF85}.Ad-Hoc|iPhone.Build.0 = Debug|Any CPU
		{A71DDD5B-69A9-45AF-BA6D-4B792DAFCF85}.Ad-Hoc|iPhoneSimulator.ActiveCfg = Debug|Any CPU
		{A71DDD5B-69A9-45AF-BA6D-4B792DAFCF85}.Ad-Hoc|iPhoneSimulator.Build.0 = Debug|Any CPU
		{A71DDD5B-69A9-45AF-BA6D-4B792DAFCF85}.Ad-Hoc|x64.ActiveCfg = Debug|Any CPU
		{A71DDD5B-69A9-45AF-BA6D-4B792DAFCF85}.Ad-Hoc|x64.Build.0 = Debug|Any CPU
		{A71DDD5B-69A9-45AF-BA6D-4B792DAFCF85}.Ad-Hoc|x86.ActiveCfg = Debug|Any CPU
		{A71DDD5B-69A9-45AF-BA6D-4B792DAFCF85}.Ad-Hoc|x86.Build.0 = Debug|Any CPU
		{A71DDD5B-69A9-45AF-BA6D-4B792DAFCF85}.AppStore|Any CPU.ActiveCfg = Debug|Any CPU
		{A71DDD5B-69A9-45AF-BA6D-4B792DAFCF85}.AppStore|Any CPU.Build.0 = Debug|Any CPU
		{A71DDD5B-69A9-45AF-BA6D-4B792DAFCF85}.AppStore|ARM.ActiveCfg = Debug|Any CPU
		{A71DDD5B-69A9-45AF-BA6D-4B792DAFCF85}.AppStore|ARM.Build.0 = Debug|Any CPU
		{A71DDD5B-69A9-45AF-BA6D-4B792DAFCF85}.AppStore|ARM64.ActiveCfg = Debug|Any CPU
		{A71DDD5B-69A9-45AF-BA6D-4B792DAFCF85}.AppStore|ARM64.Build.0 = Debug|Any CPU
		{A71DDD5B-69A9-45AF-BA6D-4B792DAFCF85}.AppStore|iPhone.ActiveCfg = Debug|Any CPU
		{A71DDD5B-69A9-45AF-BA6D-4B792DAFCF85}.AppStore|iPhone.Build.0 = Debug|Any CPU
		{A71DDD5B-69A9-45AF-BA6D-4B792DAFCF85}.AppStore|iPhoneSimulator.ActiveCfg = Debug|Any CPU
		{A71DDD5B-69A9-45AF-BA6D-4B792DAFCF85}.AppStore|iPhoneSimulator.Build.0 = Debug|Any CPU
		{A71DDD5B-69A9-45AF-BA6D-4B792DAFCF85}.AppStore|x64.ActiveCfg = Debug|Any CPU
		{A71DDD5B-69A9-45AF-BA6D-4B792DAFCF85}.AppStore|x64.Build.0 = Debug|Any CPU
		{A71DDD5B-69A9-45AF-BA6D-4B792DAFCF85}.AppStore|x86.ActiveCfg = Debug|Any CPU
		{A71DDD5B-69A9-45AF-BA6D-4B792DAFCF85}.AppStore|x86.Build.0 = Debug|Any CPU
		{A71DDD5B-69A9-45AF-BA6D-4B792DAFCF85}.Debug|Any CPU.ActiveCfg = Debug|Any CPU
		{A71DDD5B-69A9-45AF-BA6D-4B792DAFCF85}.Debug|Any CPU.Build.0 = Debug|Any CPU
		{A71DDD5B-69A9-45AF-BA6D-4B792DAFCF85}.Debug|ARM.ActiveCfg = Debug|Any CPU
		{A71DDD5B-69A9-45AF-BA6D-4B792DAFCF85}.Debug|ARM.Build.0 = Debug|Any CPU
		{A71DDD5B-69A9-45AF-BA6D-4B792DAFCF85}.Debug|ARM64.ActiveCfg = Debug|Any CPU
		{A71DDD5B-69A9-45AF-BA6D-4B792DAFCF85}.Debug|ARM64.Build.0 = Debug|Any CPU
		{A71DDD5B-69A9-45AF-BA6D-4B792DAFCF85}.Debug|iPhone.ActiveCfg = Debug|Any CPU
		{A71DDD5B-69A9-45AF-BA6D-4B792DAFCF85}.Debug|iPhone.Build.0 = Debug|Any CPU
		{A71DDD5B-69A9-45AF-BA6D-4B792DAFCF85}.Debug|iPhoneSimulator.ActiveCfg = Debug|Any CPU
		{A71DDD5B-69A9-45AF-BA6D-4B792DAFCF85}.Debug|iPhoneSimulator.Build.0 = Debug|Any CPU
		{A71DDD5B-69A9-45AF-BA6D-4B792DAFCF85}.Debug|x64.ActiveCfg = Debug|Any CPU
		{A71DDD5B-69A9-45AF-BA6D-4B792DAFCF85}.Debug|x64.Build.0 = Debug|Any CPU
		{A71DDD5B-69A9-45AF-BA6D-4B792DAFCF85}.Debug|x86.ActiveCfg = Debug|Any CPU
		{A71DDD5B-69A9-45AF-BA6D-4B792DAFCF85}.Debug|x86.Build.0 = Debug|Any CPU
		{A71DDD5B-69A9-45AF-BA6D-4B792DAFCF85}.Release|Any CPU.ActiveCfg = Release|Any CPU
		{A71DDD5B-69A9-45AF-BA6D-4B792DAFCF85}.Release|Any CPU.Build.0 = Release|Any CPU
		{A71DDD5B-69A9-45AF-BA6D-4B792DAFCF85}.Release|ARM.ActiveCfg = Release|Any CPU
		{A71DDD5B-69A9-45AF-BA6D-4B792DAFCF85}.Release|ARM.Build.0 = Release|Any CPU
		{A71DDD5B-69A9-45AF-BA6D-4B792DAFCF85}.Release|ARM64.ActiveCfg = Release|Any CPU
		{A71DDD5B-69A9-45AF-BA6D-4B792DAFCF85}.Release|ARM64.Build.0 = Release|Any CPU
		{A71DDD5B-69A9-45AF-BA6D-4B792DAFCF85}.Release|iPhone.ActiveCfg = Release|Any CPU
		{A71DDD5B-69A9-45AF-BA6D-4B792DAFCF85}.Release|iPhone.Build.0 = Release|Any CPU
		{A71DDD5B-69A9-45AF-BA6D-4B792DAFCF85}.Release|iPhoneSimulator.ActiveCfg = Release|Any CPU
		{A71DDD5B-69A9-45AF-BA6D-4B792DAFCF85}.Release|iPhoneSimulator.Build.0 = Release|Any CPU
		{A71DDD5B-69A9-45AF-BA6D-4B792DAFCF85}.Release|x64.ActiveCfg = Release|Any CPU
		{A71DDD5B-69A9-45AF-BA6D-4B792DAFCF85}.Release|x64.Build.0 = Release|Any CPU
		{A71DDD5B-69A9-45AF-BA6D-4B792DAFCF85}.Release|x86.ActiveCfg = Release|Any CPU
		{A71DDD5B-69A9-45AF-BA6D-4B792DAFCF85}.Release|x86.Build.0 = Release|Any CPU
		{4B2703F8-0A9E-4774-AEFE-A24697FFEBC4}.Ad-Hoc|Any CPU.ActiveCfg = Debug|Any CPU
		{4B2703F8-0A9E-4774-AEFE-A24697FFEBC4}.Ad-Hoc|Any CPU.Build.0 = Debug|Any CPU
		{4B2703F8-0A9E-4774-AEFE-A24697FFEBC4}.Ad-Hoc|ARM.ActiveCfg = Debug|Any CPU
		{4B2703F8-0A9E-4774-AEFE-A24697FFEBC4}.Ad-Hoc|ARM.Build.0 = Debug|Any CPU
		{4B2703F8-0A9E-4774-AEFE-A24697FFEBC4}.Ad-Hoc|ARM64.ActiveCfg = Debug|Any CPU
		{4B2703F8-0A9E-4774-AEFE-A24697FFEBC4}.Ad-Hoc|ARM64.Build.0 = Debug|Any CPU
		{4B2703F8-0A9E-4774-AEFE-A24697FFEBC4}.Ad-Hoc|iPhone.ActiveCfg = Debug|Any CPU
		{4B2703F8-0A9E-4774-AEFE-A24697FFEBC4}.Ad-Hoc|iPhone.Build.0 = Debug|Any CPU
		{4B2703F8-0A9E-4774-AEFE-A24697FFEBC4}.Ad-Hoc|iPhoneSimulator.ActiveCfg = Debug|Any CPU
		{4B2703F8-0A9E-4774-AEFE-A24697FFEBC4}.Ad-Hoc|iPhoneSimulator.Build.0 = Debug|Any CPU
		{4B2703F8-0A9E-4774-AEFE-A24697FFEBC4}.Ad-Hoc|x64.ActiveCfg = Debug|Any CPU
		{4B2703F8-0A9E-4774-AEFE-A24697FFEBC4}.Ad-Hoc|x64.Build.0 = Debug|Any CPU
		{4B2703F8-0A9E-4774-AEFE-A24697FFEBC4}.Ad-Hoc|x86.ActiveCfg = Debug|Any CPU
		{4B2703F8-0A9E-4774-AEFE-A24697FFEBC4}.Ad-Hoc|x86.Build.0 = Debug|Any CPU
		{4B2703F8-0A9E-4774-AEFE-A24697FFEBC4}.AppStore|Any CPU.ActiveCfg = Debug|Any CPU
		{4B2703F8-0A9E-4774-AEFE-A24697FFEBC4}.AppStore|Any CPU.Build.0 = Debug|Any CPU
		{4B2703F8-0A9E-4774-AEFE-A24697FFEBC4}.AppStore|ARM.ActiveCfg = Debug|Any CPU
		{4B2703F8-0A9E-4774-AEFE-A24697FFEBC4}.AppStore|ARM.Build.0 = Debug|Any CPU
		{4B2703F8-0A9E-4774-AEFE-A24697FFEBC4}.AppStore|ARM64.ActiveCfg = Debug|Any CPU
		{4B2703F8-0A9E-4774-AEFE-A24697FFEBC4}.AppStore|ARM64.Build.0 = Debug|Any CPU
		{4B2703F8-0A9E-4774-AEFE-A24697FFEBC4}.AppStore|iPhone.ActiveCfg = Debug|Any CPU
		{4B2703F8-0A9E-4774-AEFE-A24697FFEBC4}.AppStore|iPhone.Build.0 = Debug|Any CPU
		{4B2703F8-0A9E-4774-AEFE-A24697FFEBC4}.AppStore|iPhoneSimulator.ActiveCfg = Debug|Any CPU
		{4B2703F8-0A9E-4774-AEFE-A24697FFEBC4}.AppStore|iPhoneSimulator.Build.0 = Debug|Any CPU
		{4B2703F8-0A9E-4774-AEFE-A24697FFEBC4}.AppStore|x64.ActiveCfg = Debug|Any CPU
		{4B2703F8-0A9E-4774-AEFE-A24697FFEBC4}.AppStore|x64.Build.0 = Debug|Any CPU
		{4B2703F8-0A9E-4774-AEFE-A24697FFEBC4}.AppStore|x86.ActiveCfg = Debug|Any CPU
		{4B2703F8-0A9E-4774-AEFE-A24697FFEBC4}.AppStore|x86.Build.0 = Debug|Any CPU
		{4B2703F8-0A9E-4774-AEFE-A24697FFEBC4}.Debug|Any CPU.ActiveCfg = Debug|Any CPU
		{4B2703F8-0A9E-4774-AEFE-A24697FFEBC4}.Debug|Any CPU.Build.0 = Debug|Any CPU
		{4B2703F8-0A9E-4774-AEFE-A24697FFEBC4}.Debug|ARM.ActiveCfg = Debug|Any CPU
		{4B2703F8-0A9E-4774-AEFE-A24697FFEBC4}.Debug|ARM.Build.0 = Debug|Any CPU
		{4B2703F8-0A9E-4774-AEFE-A24697FFEBC4}.Debug|ARM64.ActiveCfg = Debug|Any CPU
		{4B2703F8-0A9E-4774-AEFE-A24697FFEBC4}.Debug|ARM64.Build.0 = Debug|Any CPU
		{4B2703F8-0A9E-4774-AEFE-A24697FFEBC4}.Debug|iPhone.ActiveCfg = Debug|Any CPU
		{4B2703F8-0A9E-4774-AEFE-A24697FFEBC4}.Debug|iPhone.Build.0 = Debug|Any CPU
		{4B2703F8-0A9E-4774-AEFE-A24697FFEBC4}.Debug|iPhoneSimulator.ActiveCfg = Debug|Any CPU
		{4B2703F8-0A9E-4774-AEFE-A24697FFEBC4}.Debug|iPhoneSimulator.Build.0 = Debug|Any CPU
		{4B2703F8-0A9E-4774-AEFE-A24697FFEBC4}.Debug|x64.ActiveCfg = Debug|Any CPU
		{4B2703F8-0A9E-4774-AEFE-A24697FFEBC4}.Debug|x64.Build.0 = Debug|Any CPU
		{4B2703F8-0A9E-4774-AEFE-A24697FFEBC4}.Debug|x86.ActiveCfg = Debug|Any CPU
		{4B2703F8-0A9E-4774-AEFE-A24697FFEBC4}.Debug|x86.Build.0 = Debug|Any CPU
		{4B2703F8-0A9E-4774-AEFE-A24697FFEBC4}.Release|Any CPU.ActiveCfg = Release|Any CPU
		{4B2703F8-0A9E-4774-AEFE-A24697FFEBC4}.Release|Any CPU.Build.0 = Release|Any CPU
		{4B2703F8-0A9E-4774-AEFE-A24697FFEBC4}.Release|ARM.ActiveCfg = Release|Any CPU
		{4B2703F8-0A9E-4774-AEFE-A24697FFEBC4}.Release|ARM.Build.0 = Release|Any CPU
		{4B2703F8-0A9E-4774-AEFE-A24697FFEBC4}.Release|ARM64.ActiveCfg = Release|Any CPU
		{4B2703F8-0A9E-4774-AEFE-A24697FFEBC4}.Release|ARM64.Build.0 = Release|Any CPU
		{4B2703F8-0A9E-4774-AEFE-A24697FFEBC4}.Release|iPhone.ActiveCfg = Release|Any CPU
		{4B2703F8-0A9E-4774-AEFE-A24697FFEBC4}.Release|iPhone.Build.0 = Release|Any CPU
		{4B2703F8-0A9E-4774-AEFE-A24697FFEBC4}.Release|iPhoneSimulator.ActiveCfg = Release|Any CPU
		{4B2703F8-0A9E-4774-AEFE-A24697FFEBC4}.Release|iPhoneSimulator.Build.0 = Release|Any CPU
		{4B2703F8-0A9E-4774-AEFE-A24697FFEBC4}.Release|x64.ActiveCfg = Release|Any CPU
		{4B2703F8-0A9E-4774-AEFE-A24697FFEBC4}.Release|x64.Build.0 = Release|Any CPU
		{4B2703F8-0A9E-4774-AEFE-A24697FFEBC4}.Release|x86.ActiveCfg = Release|Any CPU
		{4B2703F8-0A9E-4774-AEFE-A24697FFEBC4}.Release|x86.Build.0 = Release|Any CPU
		{3A61CB0F-927D-46A7-B388-138F1D7D2B15}.Ad-Hoc|Any CPU.ActiveCfg = Debug|Any CPU
		{3A61CB0F-927D-46A7-B388-138F1D7D2B15}.Ad-Hoc|Any CPU.Build.0 = Debug|Any CPU
		{3A61CB0F-927D-46A7-B388-138F1D7D2B15}.Ad-Hoc|ARM.ActiveCfg = Debug|Any CPU
		{3A61CB0F-927D-46A7-B388-138F1D7D2B15}.Ad-Hoc|ARM.Build.0 = Debug|Any CPU
		{3A61CB0F-927D-46A7-B388-138F1D7D2B15}.Ad-Hoc|ARM64.ActiveCfg = Debug|Any CPU
		{3A61CB0F-927D-46A7-B388-138F1D7D2B15}.Ad-Hoc|ARM64.Build.0 = Debug|Any CPU
		{3A61CB0F-927D-46A7-B388-138F1D7D2B15}.Ad-Hoc|iPhone.ActiveCfg = Debug|Any CPU
		{3A61CB0F-927D-46A7-B388-138F1D7D2B15}.Ad-Hoc|iPhone.Build.0 = Debug|Any CPU
		{3A61CB0F-927D-46A7-B388-138F1D7D2B15}.Ad-Hoc|iPhoneSimulator.ActiveCfg = Debug|Any CPU
		{3A61CB0F-927D-46A7-B388-138F1D7D2B15}.Ad-Hoc|iPhoneSimulator.Build.0 = Debug|Any CPU
		{3A61CB0F-927D-46A7-B388-138F1D7D2B15}.Ad-Hoc|x64.ActiveCfg = Debug|Any CPU
		{3A61CB0F-927D-46A7-B388-138F1D7D2B15}.Ad-Hoc|x64.Build.0 = Debug|Any CPU
		{3A61CB0F-927D-46A7-B388-138F1D7D2B15}.Ad-Hoc|x86.ActiveCfg = Debug|Any CPU
		{3A61CB0F-927D-46A7-B388-138F1D7D2B15}.Ad-Hoc|x86.Build.0 = Debug|Any CPU
		{3A61CB0F-927D-46A7-B388-138F1D7D2B15}.AppStore|Any CPU.ActiveCfg = Debug|Any CPU
		{3A61CB0F-927D-46A7-B388-138F1D7D2B15}.AppStore|Any CPU.Build.0 = Debug|Any CPU
		{3A61CB0F-927D-46A7-B388-138F1D7D2B15}.AppStore|ARM.ActiveCfg = Debug|Any CPU
		{3A61CB0F-927D-46A7-B388-138F1D7D2B15}.AppStore|ARM.Build.0 = Debug|Any CPU
		{3A61CB0F-927D-46A7-B388-138F1D7D2B15}.AppStore|ARM64.ActiveCfg = Debug|Any CPU
		{3A61CB0F-927D-46A7-B388-138F1D7D2B15}.AppStore|ARM64.Build.0 = Debug|Any CPU
		{3A61CB0F-927D-46A7-B388-138F1D7D2B15}.AppStore|iPhone.ActiveCfg = Debug|Any CPU
		{3A61CB0F-927D-46A7-B388-138F1D7D2B15}.AppStore|iPhone.Build.0 = Debug|Any CPU
		{3A61CB0F-927D-46A7-B388-138F1D7D2B15}.AppStore|iPhoneSimulator.ActiveCfg = Debug|Any CPU
		{3A61CB0F-927D-46A7-B388-138F1D7D2B15}.AppStore|iPhoneSimulator.Build.0 = Debug|Any CPU
		{3A61CB0F-927D-46A7-B388-138F1D7D2B15}.AppStore|x64.ActiveCfg = Debug|Any CPU
		{3A61CB0F-927D-46A7-B388-138F1D7D2B15}.AppStore|x64.Build.0 = Debug|Any CPU
		{3A61CB0F-927D-46A7-B388-138F1D7D2B15}.AppStore|x86.ActiveCfg = Debug|Any CPU
		{3A61CB0F-927D-46A7-B388-138F1D7D2B15}.AppStore|x86.Build.0 = Debug|Any CPU
		{3A61CB0F-927D-46A7-B388-138F1D7D2B15}.Debug|Any CPU.ActiveCfg = Debug|Any CPU
		{3A61CB0F-927D-46A7-B388-138F1D7D2B15}.Debug|Any CPU.Build.0 = Debug|Any CPU
		{3A61CB0F-927D-46A7-B388-138F1D7D2B15}.Debug|ARM.ActiveCfg = Debug|Any CPU
		{3A61CB0F-927D-46A7-B388-138F1D7D2B15}.Debug|ARM.Build.0 = Debug|Any CPU
		{3A61CB0F-927D-46A7-B388-138F1D7D2B15}.Debug|ARM64.ActiveCfg = Debug|Any CPU
		{3A61CB0F-927D-46A7-B388-138F1D7D2B15}.Debug|ARM64.Build.0 = Debug|Any CPU
		{3A61CB0F-927D-46A7-B388-138F1D7D2B15}.Debug|iPhone.ActiveCfg = Debug|Any CPU
		{3A61CB0F-927D-46A7-B388-138F1D7D2B15}.Debug|iPhone.Build.0 = Debug|Any CPU
		{3A61CB0F-927D-46A7-B388-138F1D7D2B15}.Debug|iPhoneSimulator.ActiveCfg = Debug|Any CPU
		{3A61CB0F-927D-46A7-B388-138F1D7D2B15}.Debug|iPhoneSimulator.Build.0 = Debug|Any CPU
		{3A61CB0F-927D-46A7-B388-138F1D7D2B15}.Debug|x64.ActiveCfg = Debug|Any CPU
		{3A61CB0F-927D-46A7-B388-138F1D7D2B15}.Debug|x64.Build.0 = Debug|Any CPU
		{3A61CB0F-927D-46A7-B388-138F1D7D2B15}.Debug|x86.ActiveCfg = Debug|Any CPU
		{3A61CB0F-927D-46A7-B388-138F1D7D2B15}.Debug|x86.Build.0 = Debug|Any CPU
		{3A61CB0F-927D-46A7-B388-138F1D7D2B15}.Release|Any CPU.ActiveCfg = Release|Any CPU
		{3A61CB0F-927D-46A7-B388-138F1D7D2B15}.Release|Any CPU.Build.0 = Release|Any CPU
		{3A61CB0F-927D-46A7-B388-138F1D7D2B15}.Release|ARM.ActiveCfg = Release|Any CPU
		{3A61CB0F-927D-46A7-B388-138F1D7D2B15}.Release|ARM.Build.0 = Release|Any CPU
		{3A61CB0F-927D-46A7-B388-138F1D7D2B15}.Release|ARM64.ActiveCfg = Release|Any CPU
		{3A61CB0F-927D-46A7-B388-138F1D7D2B15}.Release|ARM64.Build.0 = Release|Any CPU
		{3A61CB0F-927D-46A7-B388-138F1D7D2B15}.Release|iPhone.ActiveCfg = Release|Any CPU
		{3A61CB0F-927D-46A7-B388-138F1D7D2B15}.Release|iPhone.Build.0 = Release|Any CPU
		{3A61CB0F-927D-46A7-B388-138F1D7D2B15}.Release|iPhoneSimulator.ActiveCfg = Release|Any CPU
		{3A61CB0F-927D-46A7-B388-138F1D7D2B15}.Release|iPhoneSimulator.Build.0 = Release|Any CPU
		{3A61CB0F-927D-46A7-B388-138F1D7D2B15}.Release|x64.ActiveCfg = Release|Any CPU
		{3A61CB0F-927D-46A7-B388-138F1D7D2B15}.Release|x64.Build.0 = Release|Any CPU
		{3A61CB0F-927D-46A7-B388-138F1D7D2B15}.Release|x86.ActiveCfg = Release|Any CPU
		{3A61CB0F-927D-46A7-B388-138F1D7D2B15}.Release|x86.Build.0 = Release|Any CPU
	EndGlobalSection
	GlobalSection(SolutionProperties) = preSolution
		HideSolutionNode = FALSE
	EndGlobalSection
	GlobalSection(NestedProjects) = preSolution
		{FE1DAA59-DD32-4BFA-A4E5-43D9EE86282C} = {BBE19B88-DEE5-4C7D-8238-6D02BE12456D}
		{C1536C43-6255-4DCB-911A-D107027B9A47} = {BBE19B88-DEE5-4C7D-8238-6D02BE12456D}
		{89E23947-009E-45BB-AABA-F3DC9C4DBF56} = {BBE19B88-DEE5-4C7D-8238-6D02BE12456D}
		{D9981419-F6EB-48A7-A200-64E6A5BD9A1E} = {BBE19B88-DEE5-4C7D-8238-6D02BE12456D}
		{A49EC61C-2838-4291-B4F2-B96B2A58E4C5} = {BBE19B88-DEE5-4C7D-8238-6D02BE12456D}
		{EC658FA7-99FB-44F5-BC21-3D8810FD388D} = {BBE19B88-DEE5-4C7D-8238-6D02BE12456D}
		{A71DDD5B-69A9-45AF-BA6D-4B792DAFCF85} = {BBE19B88-DEE5-4C7D-8238-6D02BE12456D}
		{4B2703F8-0A9E-4774-AEFE-A24697FFEBC4} = {BBE19B88-DEE5-4C7D-8238-6D02BE12456D}
		{3A61CB0F-927D-46A7-B388-138F1D7D2B15} = {BBE19B88-DEE5-4C7D-8238-6D02BE12456D}
	EndGlobalSection
	GlobalSection(ExtensibilityGlobals) = postSolution
		SolutionGuid = {26509902-7B80-49C8-92C4-307A7ECC4A22}
	EndGlobalSection
EndGlobal
